version = 1
revision = 3
requires-python = ">=3.13"

[[package]]
name = "ot-benchmark-pyrefly"
version = "0.1.0"
source = { virtual = "." }
dependencies = [
    { name = "pyrefly" },
]

[package.metadata]
requires-dist = [{ name = "pyrefly", specifier = ">=0.62.0" }]

[[package]]
name = "pyrefly"
version = "0.62.0"
source = { registry = "https://pypi.org/simple" }
sdist = { url = "https://files.pythonhosted.org/packages/bb/ad/8874ed25781e7dd561c6d75fb4a7becf10a18d75b074f25b845cc334f781/pyrefly-0.62.0.tar.gz", hash = "sha256:da1fbe1075dc1e6c8e3134e9370b0a0e7a296061d782cca5bf83dbb8e4c10d7c", size = 5537672, upload-time = "2026-04-20T17:12:15.718Z" }
wheels = [
    { url = "https://files.pythonhosted.org/packages/1b/ea/09bd9da7d5df294db800312fb415be2fefbaa5594178e9e49f44fa071aea/pyrefly-0.62.0-py3-none-macosx_10_12_x86_64.whl", hash = "sha256:9d78ec4f126dee1fa76215b193b964490ce10e62a32d2787a72c51623658b803", size = 13020414, upload-time = "2026-04-20T17:11:43.617Z" },
    { url = "https://files.pythonhosted.org/packages/4b/f0/f84afac4f220c4c8c801b779ee2ff28ad3f7731f4283c2e1b6ee9012e8c2/pyrefly-0.62.0-py3-none-macosx_11_0_arm64.whl", hash = "sha256:2a41a34902d20756264486f9e309f22633d100261bd960feea6e858a098d985d", size = 12515659, upload-time = "2026-04-20T17:11:46.59Z" },
    { url = "https://files.pythonhosted.org/packages/40/0b/620c39cefa9ae1b25ee7a2da9d8d3c278b095649cb8435c5e01ea64f7c17/pyrefly-0.62.0-py3-none-manylinux_2_17_aarch64.manylinux2014_aarch64.whl", hash = "sha256:4666c6b65aea662e5f77b64dc91c091b7ea5cede6aa66c0f4cbae26480403583", size = 36228332, upload-time = "2026-04-20T17:11:50.523Z" },
    { url = "https://files.pythonhosted.org/packages/2d/fb/47b8b76438c12761e509a3666cd5a99d4af7f21976ba8385feb475cbfe30/pyrefly-0.62.0-py3-none-manylinux_2_17_i686.manylinux2014_i686.whl", hash = "sha256:1aefab798f47d37c13ded791192fee9b39a6d2b12e31f38ae06a1f80c4b26e22", size = 38995741, upload-time = "2026-04-20T17:11:54.702Z" },
    { url = "https://files.pythonhosted.org/packages/55/d2/03bd17673f61147cd5609cd7d6a1455eeccc17a07a7e141ed9931b0c42c0/pyrefly-0.62.0-py3-none-manylinux_2_17_ppc64le.manylinux2014_ppc64le.whl", hash = "sha256:8fa986b50d56740da1d7ae7c660a505143cb9d286fa98cc7e5f4a759cc6eaa5d", size = 37205321, upload-time = "2026-04-20T17:11:58.9Z" },
    { url = "https://files.pythonhosted.org/packages/75/14/20ba7b7f2d182f9b7c1e24a3041dac9b5730ae28cfe1614a2c98706650f2/pyrefly-0.62.0-py3-none-manylinux_2_17_x86_64.manylinux2014_x86_64.whl", hash = "sha256:32e9b175805c82ffb967e4708f4910bace7e1a12736907380cc9afdbaabb0efb", size = 41786834, upload-time = "2026-04-20T17:12:03.221Z" },
    { url = "https://files.pythonhosted.org/packages/fa/c8/5a7ba88c4fa1b5090d877f70fa1b742b921b9e7d8d3f4b6b9b1ba1820850/pyrefly-0.62.0-py3-none-win32.whl", hash = "sha256:1cd98edc20cab5bac8016c9220ee66080e39bd22e7f0e9bb3e2c4e2be1555eed", size = 12010170, upload-time = "2026-04-20T17:12:06.791Z" },
    { url = "https://files.pythonhosted.org/packages/2e/78/d8f810de010ff2ed594c630c724fd817ef430963249e9eb396ce8f785e9d/pyrefly-0.62.0-py3-none-win_amd64.whl", hash = "sha256:6994f8ee7d6720325ee52207fbdaca98a799a1efe462bb5ba90c47160f7f3e6e", size = 12861816, upload-time = "2026-04-20T17:12:09.689Z" },
    { url = "https://files.pythonhosted.org/packages/c7/a9/ac824ef6a3f50b7c0ec5974471f8f2cb205cd1edd53a5abbcf7ba37feb5d/pyrefly-0.62.0-py3-none-win_arm64.whl", hash = "sha256:362a5d47a5ac5aaa5258091e878a1759ff8b687d8cf462af1c516144f7b0108a", size = 12352977, upload-time = "2026-04-20T17:12:12.736Z" },
]
