version = 1
revision = 3
requires-python = ">=3.13"

[[package]]
name = "ot-benchmark-ty"
version = "0.1.0"
source = { virtual = "." }
dependencies = [
    { name = "ty" },
]

[package.metadata]
requires-dist = [{ name = "ty", specifier = ">=0.0.22" }]

[[package]]
name = "ty"
version = "0.0.22"
source = { registry = "https://pypi.org/simple" }
sdist = { url = "https://files.pythonhosted.org/packages/f5/ee/b73c99daf598ae66a2d5d3ba6de7729d2152ab732dee7ccb8ab9446cc6d7/ty-0.0.22.tar.gz", hash = "sha256:391fc4d3a543950341b750d7f4aa94866a73e7cdbf3e9e4e4e8cfc8b7bef4f10", size = 5333861, upload-time = "2026-03-12T17:40:30.052Z" }
wheels = [
    { url = "https://files.pythonhosted.org/packages/d7/f7/078f554f612723597f76cc6af70da4daed63ed721241a3f60788259c9adf/ty-0.0.22-py3-none-linux_armv6l.whl", hash = "sha256:03d37220d81016cb9d2a9c9ec11704d84f2df838f1dbf1296d91ea7fba57f8b5", size = 10328232, upload-time = "2026-03-12T17:40:19.402Z" },
    { url = "https://files.pythonhosted.org/packages/90/0b/4cfe84485d1b20bb50cdbc990f6e66b8c50cff569c7544adf0805b57ddb9/ty-0.0.22-py3-none-macosx_10_12_x86_64.whl", hash = "sha256:3249c65b24829a312cd5cbf722ff5551ffe17b0a9781a8a372ca037d23aa1c71", size = 10148554, upload-time = "2026-03-12T17:40:25.586Z" },
    { url = "https://files.pythonhosted.org/packages/1b/7e/df31baf70d63880c9719d2cc8403b0b99c3c0d0f68f390a1109d9b231933/ty-0.0.22-py3-none-macosx_11_0_arm64.whl", hash = "sha256:470778f4335f1660f017fe2970afb7e4ce4f8b608795b19406976b8902b221a5", size = 9627910, upload-time = "2026-03-12T17:40:17.447Z" },
    { url = "https://files.pythonhosted.org/packages/99/0f/a418bcca9c87083533d6c73b65e56c6ade26b8d76a7558b3d3cc0f0eb52a/ty-0.0.22-py3-none-manylinux_2_17_aarch64.manylinux2014_aarch64.whl", hash = "sha256:75649b04b84ace92cb5c6e27013247f220f58a9a30b30eb2301992814deea0c4", size = 10155025, upload-time = "2026-03-12T17:40:21.344Z" },
    { url = "https://files.pythonhosted.org/packages/2d/3d/1974c567a58f369602065409d9109c0a81f5abbf1ae552433a89d07141a9/ty-0.0.22-py3-none-manylinux_2_17_armv7l.manylinux2014_armv7l.whl", hash = "sha256:bc270f2344210cbed7d965ddeade61ffa81d93dffcdc0fded3540dccb860a9e1", size = 10133614, upload-time = "2026-03-12T17:40:23.549Z" },
    { url = "https://files.pythonhosted.org/packages/c0/c1/2da9e27c79a1fe9209589a73c989e416a7380bd77dcdf22960b3d30252bf/ty-0.0.22-py3-none-manylinux_2_17_i686.manylinux2014_i686.whl", hash = "sha256:548215b226f9726ea4d9beb77055363a8a398eb42809f042895f7a285afcb538", size = 10647101, upload-time = "2026-03-12T17:40:15.569Z" },
    { url = "https://files.pythonhosted.org/packages/c2/93/4e12c2f0ec792fd4ab9c9f70e59465d09345a453ebedb67d3bf99fd75a71/ty-0.0.22-py3-none-manylinux_2_17_ppc64le.manylinux2014_ppc64le.whl", hash = "sha256:ed0bd1d34eba800b82ebee65269a85a9bbb2a325237e4baaf1413223f69e1899", size = 11231886, upload-time = "2026-03-12T17:40:06.875Z" },
    { url = "https://files.pythonhosted.org/packages/2a/9f/c255a078e4f2ce135497fffa4a5d3a122e4c49a00416fb78d72d7b79e119/ty-0.0.22-py3-none-manylinux_2_17_s390x.manylinux2014_s390x.whl", hash = "sha256:dbd429a31507da9a1b0873a21215113c42cc683aa5fba96c978794485db5560a", size = 10901527, upload-time = "2026-03-12T17:40:34.429Z" },
    { url = "https://files.pythonhosted.org/packages/f2/0d/d1bdee7e16d978ea929837fb03463efc116ee8ad05d215a5efd5d80e56d3/ty-0.0.22-py3-none-manylinux_2_17_x86_64.manylinux2014_x86_64.whl", hash = "sha256:c7eb85a437b3be817796e7c0f84243611de53c7d4ea102a0dca179debfe7cec0", size = 10726505, upload-time = "2026-03-12T17:40:36.342Z" },
    { url = "https://files.pythonhosted.org/packages/a5/d4/6548d2a353f794582ec94d886b310589c70316fe43476a558e53073ea911/ty-0.0.22-py3-none-musllinux_1_2_aarch64.whl", hash = "sha256:b8e32e362e0666cc0769d2862a273def6b61117b8fbb9df493274d536afcd02e", size = 10128777, upload-time = "2026-03-12T17:40:38.517Z" },
    { url = "https://files.pythonhosted.org/packages/9f/d2/eb9185d3fe1fa12decb1c0a045416063bc40122187769b3dfb324da9e51c/ty-0.0.22-py3-none-musllinux_1_2_armv7l.whl", hash = "sha256:667deb1aaf802f396a626cc5a52cd55d935e8d0b46d1be068cf874f7d6f4bdb5", size = 10164992, upload-time = "2026-03-12T17:40:27.833Z" },
    { url = "https://files.pythonhosted.org/packages/7b/ec/067bb6d78cc6f5c4f55f0c3f760eb792b144697b454938fb9d10652caeb2/ty-0.0.22-py3-none-musllinux_1_2_i686.whl", hash = "sha256:e160681dbf602160e091d94a68207d1393733aedd95e3dc0b2d010bb39a70d78", size = 10342871, upload-time = "2026-03-12T17:40:13.447Z" },
    { url = "https://files.pythonhosted.org/packages/c0/04/dd3a87f54f78ceef5e6ab2add2f3bb85d45829318740f459886654b71a5d/ty-0.0.22-py3-none-musllinux_1_2_x86_64.whl", hash = "sha256:255598763079b80513d98084c4897df688e42666d7e4371349f97d258166389d", size = 10823909, upload-time = "2026-03-12T17:40:11.444Z" },
    { url = "https://files.pythonhosted.org/packages/d7/29/4b12e8ff99dec65487ec5342bd5b51fae1482e93a669d098777d55ca5eda/ty-0.0.22-py3-none-win32.whl", hash = "sha256:de0d88d9f788defddfec5507bf356bfc8b90ee301b7d6204f7609e7ac270276f", size = 9746013, upload-time = "2026-03-12T17:40:32.272Z" },
    { url = "https://files.pythonhosted.org/packages/84/16/e246795ed66ff8ee1a47497019f86ea1b4fb238bfca3068f2e08c52ef03b/ty-0.0.22-py3-none-win_amd64.whl", hash = "sha256:c216f750769ac9f3e9e61feabf3fd44c0697dce762bdcd105443d47e1a81c2b9", size = 10709350, upload-time = "2026-03-12T17:40:40.82Z" },
    { url = "https://files.pythonhosted.org/packages/3b/a4/5aafcebc4f597164381b0a82e7a8780d8f9f52df3884b16909a76282a0da/ty-0.0.22-py3-none-win_arm64.whl", hash = "sha256:49795260b9b9e3d6f04424f8ddb34907fac88c33a91b83478a74cead5dde567f", size = 10137248, upload-time = "2026-03-12T17:40:09.244Z" },
]
